
Microsoft Visual Studio Solution File, Format Version 12.00
# Visual Studio Express 14 for Windows Desktop
VisualStudioVersion = 14.0.25420.1
MinimumVisualStudioVersion = 10.0.40219.1
Project("{FAE04EC0-301F-11D3-BF4B-00C04F79EFBC}") = "MTT GUI", "Example1\MTT GUI.csproj", "{2D5E8D56-2952-480A-B785-9D71583600A0}"
EndProject
Project("{FAE04EC0-301F-11D3-BF4B-00C04F79EFBC}") = "MyoSharp", "MyoSharp\MyoSharp.csproj", "{B075C7E9-FE48-4508-B44C-1A259BCC8B22}"
EndProject
Global
	GlobalSection(SolutionConfigurationPlatforms) = preSolution
		Debug|Any CPU = Debug|Any CPU
		Debug|x64 = Debug|x64
		Debug|x86 = Debug|x86
		Release|Any CPU = Release|Any CPU
		Release|x64 = Release|x64
		Release|x86 = Release|x86
	EndGlobalSection
	GlobalSection(ProjectConfigurationPlatforms) = postSolution
		{2D5E8D56-2952-480A-B785-9D71583600A0}.Debug|Any CPU.ActiveCfg = Debug|x86
		{2D5E8D56-2952-480A-B785-9D71583600A0}.Debug|Any CPU.Build.0 = Debug|x86
		{2D5E8D56-2952-480A-B785-9D71583600A0}.Debug|x64.ActiveCfg = Debug|Any CPU
		{2D5E8D56-2952-480A-B785-9D71583600A0}.Debug|x64.Build.0 = Debug|Any CPU
		{2D5E8D56-2952-480A-B785-9D71583600A0}.Debug|x86.ActiveCfg = Debug|x86
		{2D5E8D56-2952-480A-B785-9D71583600A0}.Debug|x86.Build.0 = Debug|x86
		{2D5E8D56-2952-480A-B785-9D71583600A0}.Release|Any CPU.ActiveCfg = Release|Any CPU
		{2D5E8D56-2952-480A-B785-9D71583600A0}.Release|Any CPU.Build.0 = Release|Any CPU
		{2D5E8D56-2952-480A-B785-9D71583600A0}.Release|x64.ActiveCfg = Release|Any CPU
		{2D5E8D56-2952-480A-B785-9D71583600A0}.Release|x64.Build.0 = Release|Any CPU
		{2D5E8D56-2952-480A-B785-9D71583600A0}.Release|x86.ActiveCfg = Release|x86
		{2D5E8D56-2952-480A-B785-9D71583600A0}.Release|x86.Build.0 = Release|x86
		{B075C7E9-FE48-4508-B44C-1A259BCC8B22}.Debug|Any CPU.ActiveCfg = Debug|Any CPU
		{B075C7E9-FE48-4508-B44C-1A259BCC8B22}.Debug|Any CPU.Build.0 = Debug|Any CPU
		{B075C7E9-FE48-4508-B44C-1A259BCC8B22}.Debug|x64.ActiveCfg = Debug|Any CPU
		{B075C7E9-FE48-4508-B44C-1A259BCC8B22}.Debug|x64.Build.0 = Debug|Any CPU
		{B075C7E9-FE48-4508-B44C-1A259BCC8B22}.Debug|x86.ActiveCfg = Debug|Any CPU
		{B075C7E9-FE48-4508-B44C-1A259BCC8B22}.Debug|x86.Build.0 = Debug|Any CPU
		{B075C7E9-FE48-4508-B44C-1A259BCC8B22}.Release|Any CPU.ActiveCfg = Release|Any CPU
		{B075C7E9-FE48-4508-B44C-1A259BCC8B22}.Release|Any CPU.Build.0 = Release|Any CPU
		{B075C7E9-FE48-4508-B44C-1A259BCC8B22}.Release|x64.ActiveCfg = Release|Any CPU
		{B075C7E9-FE48-4508-B44C-1A259BCC8B22}.Release|x64.Build.0 = Release|Any CPU
		{B075C7E9-FE48-4508-B44C-1A259BCC8B22}.Release|x86.ActiveCfg = Release|Any CPU
		{B075C7E9-FE48-4508-B44C-1A259BCC8B22}.Release|x86.Build.0 = Release|Any CPU
	EndGlobalSection
	GlobalSection(SolutionProperties) = preSolution
		HideSolutionNode = FALSE
	EndGlobalSection
EndGlobal
